PODS:
  - CollectionViewSlantedLayout (3.1.1)
  - KeychainSwift (19.0.0)
  - Kingfisher (5.13.4):
    - Kingfisher/Core (= 5.13.4)
  - Kingfisher/Core (5.13.4)
  - SwiftLint (0.41.0)
  - Swinject (2.7.1)

DEPENDENCIES:
  - CollectionViewSlantedLayout (~> 3.1)
  - KeychainSwift (~> 19.0)
  - Kingfisher (= 5.13.4)
  - SwiftLint
  - Swinject

SPEC REPOS:
  trunk:
    - CollectionViewSlantedLayout
    - KeychainSwift
    - Kingfisher
    - SwiftLint
    - Swinject

SPEC CHECKSUMS:
  CollectionViewSlantedLayout: 24397455acd2461960bc45d394e0ef99c17d03ce
  KeychainSwift: a06190cf933ad46b1e0abc3d77d29c06331715c7
  Kingfisher: d2279a7abece3c7f25a80cd2b7f363ca5cf3f44c
  SwiftLint: c585ebd615d9520d7fbdbe151f527977b0534f1e
  Swinject: ddf78b8486dd9b71a667b852cad919ab4484478e

PODFILE CHECKSUM: 08fbcd4f0054ca4015c18a2739e46fd4b62997c8

COCOAPODS: 1.9.3
