PODS:
  - CollectionViewSlantedLayout (3.1.1)
  - CoreDataInfrastructure (0.0.1):
    - UpcomingMoviesData
    - UpcomingMoviesDomain
  - CoreDataInfrastructure/CoreDataInfrastructureTests (0.0.1):
    - UpcomingMoviesData
    - UpcomingMoviesDomain
  - DLProgressHUD (1.0.0)
  - KeychainSwift (19.0.0)
  - Kingfisher (7.6.1)
  - NetworkInfrastructure (0.0.1):
    - KeychainSwift (~> 19.0)
    - NetworkInfrastructure/Core (= 0.0.1)
    - UpcomingMoviesData
    - UpcomingMoviesData/TestDoubles
    - UpcomingMoviesDomain
    - UpcomingMoviesDomain/TestDoubles
  - NetworkInfrastructure/Core (0.0.1):
    - KeychainSwift (~> 19.0)
    - UpcomingMoviesData
    - UpcomingMoviesData/TestDoubles
    - UpcomingMoviesDomain
    - UpcomingMoviesDomain/TestDoubles
  - NetworkInfrastructure/NetworkInfrastructureTests (0.0.1):
    - KeychainSwift (~> 19.0)
    - UpcomingMoviesData
    - UpcomingMoviesData/TestDoubles
    - UpcomingMoviesDomain
    - UpcomingMoviesDomain/TestDoubles
  - NetworkInfrastructure/TestDoubles (0.0.1):
    - KeychainSwift (~> 19.0)
    - UpcomingMoviesData
    - UpcomingMoviesData/TestDoubles
    - UpcomingMoviesDomain
    - UpcomingMoviesDomain/TestDoubles
  - SwiftLint (0.41.0)
  - Swinject (2.7.1)
  - UpcomingMoviesData (0.0.1):
    - UpcomingMoviesData/Core (= 0.0.1)
    - UpcomingMoviesDomain
    - UpcomingMoviesDomain/TestDoubles
  - UpcomingMoviesData/Core (0.0.1):
    - UpcomingMoviesDomain
    - UpcomingMoviesDomain/TestDoubles
  - UpcomingMoviesData/TestDoubles (0.0.1):
    - UpcomingMoviesDomain
    - UpcomingMoviesDomain/TestDoubles
  - UpcomingMoviesData/UpcomingMoviesDataTests (0.0.1):
    - UpcomingMoviesDomain
    - UpcomingMoviesDomain/TestDoubles
  - UpcomingMoviesDomain (0.0.1):
    - UpcomingMoviesDomain/Core (= 0.0.1)
  - UpcomingMoviesDomain/Core (0.0.1)
  - UpcomingMoviesDomain/TestDoubles (0.0.1)
  - UpcomingMoviesDomain/UpcomingMoviesDomainTests (0.0.1)

DEPENDENCIES:
  - CollectionViewSlantedLayout (~> 3.1)
  - CoreDataInfrastructure (from `CoreDataInfrastructure/`)
  - CoreDataInfrastructure/CoreDataInfrastructureTests (from `CoreDataInfrastructure/`)
  - DLProgressHUD (~> 1.0)
  - Kingfisher
  - NetworkInfrastructure (from `NetworkInfrastructure/`)
  - NetworkInfrastructure/NetworkInfrastructureTests (from `NetworkInfrastructure/`)
  - NetworkInfrastructure/TestDoubles (from `NetworkInfrastructure/`)
  - SwiftLint
  - Swinject
  - UpcomingMoviesData (from `UpcomingMoviesData/`)
  - UpcomingMoviesData/TestDoubles (from `UpcomingMoviesData/`)
  - UpcomingMoviesData/UpcomingMoviesDataTests (from `UpcomingMoviesData/`)
  - UpcomingMoviesDomain (from `UpcomingMoviesDomain/`)
  - UpcomingMoviesDomain/TestDoubles (from `UpcomingMoviesDomain/`)
  - UpcomingMoviesDomain/UpcomingMoviesDomainTests (from `UpcomingMoviesDomain/`)

SPEC REPOS:
  trunk:
    - CollectionViewSlantedLayout
    - DLProgressHUD
    - KeychainSwift
    - Kingfisher
    - SwiftLint
    - Swinject

EXTERNAL SOURCES:
  CoreDataInfrastructure:
    :path: CoreDataInfrastructure/
  NetworkInfrastructure:
    :path: NetworkInfrastructure/
  UpcomingMoviesData:
    :path: UpcomingMoviesData/
  UpcomingMoviesDomain:
    :path: UpcomingMoviesDomain/

SPEC CHECKSUMS:
  CollectionViewSlantedLayout: 24397455acd2461960bc45d394e0ef99c17d03ce
  CoreDataInfrastructure: 24fcc25ad00d4224bb9d3e05a702b003d4c97e6d
  DLProgressHUD: 6316b2f165442924fa0c1779645c72b17a32b3e4
  KeychainSwift: a06190cf933ad46b1e0abc3d77d29c06331715c7
  Kingfisher: 93a3c6d0d551658a31e19f21747e1d15cb39d525
  NetworkInfrastructure: fb9ffda8b2cd05c15ae5fe563713f563cfb254a6
  SwiftLint: c585ebd615d9520d7fbdbe151f527977b0534f1e
  Swinject: ddf78b8486dd9b71a667b852cad919ab4484478e
  UpcomingMoviesData: 126fe1e9a9cc7c55a9fc4761c96c6741325ace23
  UpcomingMoviesDomain: e06d8a483680fd0bde165a9cb37c59a61c603676

PODFILE CHECKSUM: 307698ef0564c3279634f820d96c50c13ce5fdce

COCOAPODS: 1.15.2
